// !$*UTF8*$!
{
	archiveVersion = 1;
	classes = {
	};
	objectVersion = 56;
	objects = {

/* Begin PBXBuildFile section */
		457AA91F2A7C02F9009C2F0C /* AppDelegate.swift in Sources */ = {isa = PBXBuildFile; fileRef = 457AA91E2A7C02F9009C2F0C /* AppDelegate.swift */; };
		457AA9212A7C02F9009C2F0C /* SceneDelegate.swift in Sources */ = {isa = PBXBuildFile; fileRef = 457AA9202A7C02F9009C2F0C /* SceneDelegate.swift */; };
		457AA9232A7C02F9009C2F0C /* ViewController.swift in Sources */ = {isa = PBXBuildFile; fileRef = 457AA9222A7C02F9009C2F0C /* ViewController.swift */; };
		457AA9262A7C02F9009C2F0C /* Main.storyboard in Resources */ = {isa = PBXBuildFile; fileRef = 457AA9242A7C02F9009C2F0C /* Main.storyboard */; };
		457AA9282A7C02FB009C2F0C /* Assets.xcassets in Resources */ = {isa = PBXBuildFile; fileRef = 457AA9272A7C02FB009C2F0C /* Assets.xcassets */; };
		457AA92B2A7C02FB009C2F0C /* LaunchScreen.storyboard in Resources */ = {isa = PBXBuildFile; fileRef = 457AA9292A7C02FB009C2F0C /* LaunchScreen.storyboard */; };
		457AA9362A7C02FB009C2F0C /* Netflix_CloneTests.swift in Sources */ = {isa = PBXBuildFile; fileRef = 457AA9352A7C02FB009C2F0C /* Netflix_CloneTests.swift */; };
		457AA9402A7C02FB009C2F0C /* Netflix_CloneUITests.swift in Sources */ = {isa = PBXBuildFile; fileRef = 457AA93F2A7C02FB009C2F0C /* Netflix_CloneUITests.swift */; };
		457AA9422A7C02FB009C2F0C /* Netflix_CloneUITestsLaunchTests.swift in Sources */ = {isa = PBXBuildFile; fileRef = 457AA9412A7C02FB009C2F0C /* Netflix_CloneUITestsLaunchTests.swift */; };
/* End PBXBuildFile section */

/* Begin PBXContainerItemProxy section */
		457AA9322A7C02FB009C2F0C /* PBXContainerItemProxy */ = {
			isa = PBXContainerItemProxy;
			containerPortal = 457AA9132A7C02F8009C2F0C /* Project object */;
			proxyType = 1;
			remoteGlobalIDString = 457AA91A2A7C02F9009C2F0C;
			remoteInfo = "Netflix Clone";
		};
		457AA93C2A7C02FB009C2F0C /* PBXContainerItemProxy */ = {
			isa = PBXContainerItemProxy;
			containerPortal = 457AA9132A7C02F8009C2F0C /* Project object */;
			proxyType = 1;
			remoteGlobalIDString = 457AA91A2A7C02F9009C2F0C;
			remoteInfo = "Netflix Clone";
		};
/* End PBXContainerItemProxy section */

/* Begin PBXFileReference section */
		457AA91B2A7C02F9009C2F0C /* Netflix Clone.app */ = {isa = PBXFileReference; explicitFileType = wrapper.application; includeInIndex = 0; path = "Netflix Clone.app"; sourceTree = BUILT_PRODUCTS_DIR; };
		457AA91E2A7C02F9009C2F0C /* AppDelegate.swift */ = {isa = PBXFileReference; lastKnownFileType = sourcecode.swift; path = AppDelegate.swift; sourceTree = "<group>"; };
		457AA9202A7C02F9009C2F0C /* SceneDelegate.swift */ = {isa = PBXFileReference; lastKnownFileType = sourcecode.swift; path = SceneDelegate.swift; sourceTree = "<group>"; };
		457AA9222A7C02F9009C2F0C /* ViewController.swift */ = {isa = PBXFileReference; lastKnownFileType = sourcecode.swift; path = ViewController.swift; sourceTree = "<group>"; };
		457AA9252A7C02F9009C2F0C /* Base */ = {isa = PBXFileReference; lastKnownFileType = file.storyboard; name = Base; path = Base.lproj/Main.storyboard; sourceTree = "<group>"; };
		457AA9272A7C02FB009C2F0C /* Assets.xcassets */ = {isa = PBXFileReference; lastKnownFileType = folder.assetcatalog; path = Assets.xcassets; sourceTree = "<group>"; };
		457AA92A2A7C02FB009C2F0C /* Base */ = {isa = PBXFileReference; lastKnownFileType = file.storyboard; name = Base; path = Base.lproj/LaunchScreen.storyboard; sourceTree = "<group>"; };
		457AA92C2A7C02FB009C2F0C /* Info.plist */ = {isa = PBXFileReference; lastKnownFileType = text.plist.xml; path = Info.plist; sourceTree = "<group>"; };
		457AA9312A7C02FB009C2F0C /* Netflix CloneTests.xctest */ = {isa = PBXFileReference; explicitFileType = wrapper.cfbundle; includeInIndex = 0; path = "Netflix CloneTests.xctest"; sourceTree = BUILT_PRODUCTS_DIR; };
		457AA9352A7C02FB009C2F0C /* Netflix_CloneTests.swift */ = {isa = PBXFileReference; lastKnownFileType = sourcecode.swift; path = Netflix_CloneTests.swift; sourceTree = "<group>"; };
		457AA93B2A7C02FB009C2F0C /* Netflix CloneUITests.xctest */ = {isa = PBXFileReference; explicitFileType = wrapper.cfbundle; includeInIndex = 0; path = "Netflix CloneUITests.xctest"; sourceTree = BUILT_PRODUCTS_DIR; };
		457AA93F2A7C02FB009C2F0C /* Netflix_CloneUITests.swift */ = {isa = PBXFileReference; lastKnownFileType = sourcecode.swift; path = Netflix_CloneUITests.swift; sourceTree = "<group>"; };
		457AA9412A7C02FB009C2F0C /* Netflix_CloneUITestsLaunchTests.swift */ = {isa = PBXFileReference; lastKnownFileType = sourcecode.swift; path = Netflix_CloneUITestsLaunchTests.swift; sourceTree = "<group>"; };
/* End PBXFileReference section */

/* Begin PBXFrameworksBuildPhase section */
		457AA9182A7C02F9009C2F0C /* Frameworks */ = {
			isa = PBXFrameworksBuildPhase;
			buildActionMask = 2147483647;
			files = (
			);
			runOnlyForDeploymentPostprocessing = 0;
		};
		457AA92E2A7C02FB009C2F0C /* Frameworks */ = {
			isa = PBXFrameworksBuildPhase;
			buildActionMask = 2147483647;
			files = (
			);
			runOnlyForDeploymentPostprocessing = 0;
		};
		457AA9382A7C02FB009C2F0C /* Frameworks */ = {
			isa = PBXFrameworksBuildPhase;
			buildActionMask = 2147483647;
			files = (
			);
			runOnlyForDeploymentPostprocessing = 0;
		};
/* End PBXFrameworksBuildPhase section */

/* Begin PBXGroup section */
		457AA9122A7C02F8009C2F0C = {
			isa = PBXGroup;
			children = (
				457AA91D2A7C02F9009C2F0C /* Netflix Clone */,
				457AA9342A7C02FB009C2F0C /* Netflix CloneTests */,
				457AA93E2A7C02FB009C2F0C /* Netflix CloneUITests */,
				457AA91C2A7C02F9009C2F0C /* Products */,
			);
			sourceTree = "<group>";
		};
		457AA91C2A7C02F9009C2F0C /* Products */ = {
			isa = PBXGroup;
			children = (
				457AA91B2A7C02F9009C2F0C /* Netflix Clone.app */,
				457AA9312A7C02FB009C2F0C /* Netflix CloneTests.xctest */,
				457AA93B2A7C02FB009C2F0C /* Netflix CloneUITests.xctest */,
			);
			name = Products;
			sourceTree = "<group>";
		};
		457AA91D2A7C02F9009C2F0C /* Netflix Clone */ = {
			isa = PBXGroup;
			children = (
				457AA91E2A7C02F9009C2F0C /* AppDelegate.swift */,
				457AA9202A7C02F9009C2F0C /* SceneDelegate.swift */,
				457AA9222A7C02F9009C2F0C /* ViewController.swift */,
				457AA9242A7C02F9009C2F0C /* Main.storyboard */,
				457AA9272A7C02FB009C2F0C /* Assets.xcassets */,
				457AA9292A7C02FB009C2F0C /* LaunchScreen.storyboard */,
				457AA92C2A7C02FB009C2F0C /* Info.plist */,
			);
			path = "Netflix Clone";
			sourceTree = "<group>";
		};
		457AA9342A7C02FB009C2F0C /* Netflix CloneTests */ = {
			isa = PBXGroup;
			children = (
				457AA9352A7C02FB009C2F0C /* Netflix_CloneTests.swift */,
			);
			path = "Netflix CloneTests";
			sourceTree = "<group>";
		};
		457AA93E2A7C02FB009C2F0C /* Netflix CloneUITests */ = {
			isa = PBXGroup;
			children = (
				457AA93F2A7C02FB009C2F0C /* Netflix_CloneUITests.swift */,
				457AA9412A7C02FB009C2F0C /* Netflix_CloneUITestsLaunchTests.swift */,
			);
			path = "Netflix CloneUITests";
			sourceTree = "<group>";
		};
/* End PBXGroup section */

/* Begin PBXNativeTarget section */
		457AA91A2A7C02F9009C2F0C /* Netflix Clone */ = {
			isa = PBXNativeTarget;
			buildConfigurationList = 457AA9452A7C02FB009C2F0C /* Build configuration list for PBXNativeTarget "Netflix Clone" */;
			buildPhases = (
				457AA9172A7C02F9009C2F0C /* Sources */,
				457AA9182A7C02F9009C2F0C /* Frameworks */,
				457AA9192A7C02F9009C2F0C /* Resources */,
			);
			buildRules = (
			);
			dependencies = (
			);
			name = "Netflix Clone";
			productName = "Netflix Clone";
			productReference = 457AA91B2A7C02F9009C2F0C /* Netflix Clone.app */;
			productType = "com.apple.product-type.application";
		};
		457AA9302A7C02FB009C2F0C /* Netflix CloneTests */ = {
			isa = PBXNativeTarget;
			buildConfigurationList = 457AA9482A7C02FB009C2F0C /* Build configuration list for PBXNativeTarget "Netflix CloneTests" */;
			buildPhases = (
				457AA92D2A7C02FB009C2F0C /* Sources */,
				457AA92E2A7C02FB009C2F0C /* Frameworks */,
				457AA92F2A7C02FB009C2F0C /* Resources */,
			);
			buildRules = (
			);
			dependencies = (
				457AA9332A7C02FB009C2F0C /* PBXTargetDependency */,
			);
			name = "Netflix CloneTests";
			productName = "Netflix CloneTests";
			productReference = 457AA9312A7C02FB009C2F0C /* Netflix CloneTests.xctest */;
			productType = "com.apple.product-type.bundle.unit-test";
		};
		457AA93A2A7C02FB009C2F0C /* Netflix CloneUITests */ = {
			isa = PBXNativeTarget;
			buildConfigurationList = 457AA94B2A7C02FB009C2F0C /* Build configuration list for PBXNativeTarget "Netflix CloneUITests" */;
			buildPhases = (
				457AA9372A7C02FB009C2F0C /* Sources */,
				457AA9382A7C02FB009C2F0C /* Frameworks */,
				457AA9392A7C02FB009C2F0C /* Resources */,
			);
			buildRules = (
			);
			dependencies = (
				457AA93D2A7C02FB009C2F0C /* PBXTargetDependency */,
			);
			name = "Netflix CloneUITests";
			productName = "Netflix CloneUITests";
			productReference = 457AA93B2A7C02FB009C2F0C /* Netflix CloneUITests.xctest */;
			productType = "com.apple.product-type.bundle.ui-testing";
		};
/* End PBXNativeTarget section */

/* Begin PBXProject section */
		457AA9132A7C02F8009C2F0C /* Project object */ = {
			isa = PBXProject;
			attributes = {
				BuildIndependentTargetsInParallel = 1;
				LastSwiftUpdateCheck = 1430;
				LastUpgradeCheck = 1430;
				TargetAttributes = {
					457AA91A2A7C02F9009C2F0C = {
						CreatedOnToolsVersion = 14.3.1;
					};
					457AA9302A7C02FB009C2F0C = {
						CreatedOnToolsVersion = 14.3.1;
						TestTargetID = 457AA91A2A7C02F9009C2F0C;
					};
					457AA93A2A7C02FB009C2F0C = {
						CreatedOnToolsVersion = 14.3.1;
						TestTargetID = 457AA91A2A7C02F9009C2F0C;
					};
				};
			};
			buildConfigurationList = 457AA9162A7C02F8009C2F0C /* Build configuration list for PBXProject "Netflix Clone" */;
			compatibilityVersion = "Xcode 14.0";
			developmentRegion = en;
			hasScannedForEncodings = 0;
			knownRegions = (
				en,
				Base,
			);
			mainGroup = 457AA9122A7C02F8009C2F0C;
			productRefGroup = 457AA91C2A7C02F9009C2F0C /* Products */;
			projectDirPath = "";
			projectRoot = "";
			targets = (
				457AA91A2A7C02F9009C2F0C /* Netflix Clone */,
				457AA9302A7C02FB009C2F0C /* Netflix CloneTests */,
				457AA93A2A7C02FB009C2F0C /* Netflix CloneUITests */,
			);
		};
/* End PBXProject section */

/* Begin PBXResourcesBuildPhase section */
		457AA9192A7C02F9009C2F0C /* Resources */ = {
			isa = PBXResourcesBuildPhase;
			buildActionMask = 2147483647;
			files = (
				457AA92B2A7C02FB009C2F0C /* LaunchScreen.storyboard in Resources */,
				457AA9282A7C02FB009C2F0C /* Assets.xcassets in Resources */,
				457AA9262A7C02F9009C2F0C /* Main.storyboard in Resources */,
			);
			runOnlyForDeploymentPostprocessing = 0;
		};
		457AA92F2A7C02FB009C2F0C /* Resources */ = {
			isa = PBXResourcesBuildPhase;
			buildActionMask = 2147483647;
			files = (
			);
			runOnlyForDeploymentPostprocessing = 0;
		};
		457AA9392A7C02FB009C2F0C /* Resources */ = {
			isa = PBXResourcesBuildPhase;
			buildActionMask = 2147483647;
			files = (
			);
			runOnlyForDeploymentPostprocessing = 0;
		};
/* End PBXResourcesBuildPhase section */

/* Begin PBXSourcesBuildPhase section */
		457AA9172A7C02F9009C2F0C /* Sources */ = {
			isa = PBXSourcesBuildPhase;
			buildActionMask = 2147483647;
			files = (
				457AA9232A7C02F9009C2F0C /* ViewController.swift in Sources */,
				457AA91F2A7C02F9009C2F0C /* AppDelegate.swift in Sources */,
				457AA9212A7C02F9009C2F0C /* SceneDelegate.swift in Sources */,
			);
			runOnlyForDeploymentPostprocessing = 0;
		};
		457AA92D2A7C02FB009C2F0C /* Sources */ = {
			isa = PBXSourcesBuildPhase;
			buildActionMask = 2147483647;
			files = (
				457AA9362A7C02FB009C2F0C /* Netflix_CloneTests.swift in Sources */,
			);
			runOnlyForDeploymentPostprocessing = 0;
		};
		457AA9372A7C02FB009C2F0C /* Sources */ = {
			isa = PBXSourcesBuildPhase;
			buildActionMask = 2147483647;
			files = (
				457AA9402A7C02FB009C2F0C /* Netflix_CloneUITests.swift in Sources */,
				457AA9422A7C02FB009C2F0C /* Netflix_CloneUITestsLaunchTests.swift in Sources */,
			);
			runOnlyForDeploymentPostprocessing = 0;
		};
/* End PBXSourcesBuildPhase section */

/* Begin PBXTargetDependency section */
		457AA9332A7C02FB009C2F0C /* PBXTargetDependency */ = {
			isa = PBXTargetDependency;
			target = 457AA91A2A7C02F9009C2F0C /* Netflix Clone */;
			targetProxy = 457AA9322A7C02FB009C2F0C /* PBXContainerItemProxy */;
		};
		457AA93D2A7C02FB009C2F0C /* PBXTargetDependency */ = {
			isa = PBXTargetDependency;
			target = 457AA91A2A7C02F9009C2F0C /* Netflix Clone */;
			targetProxy = 457AA93C2A7C02FB009C2F0C /* PBXContainerItemProxy */;
		};
/* End PBXTargetDependency section */

/* Begin PBXVariantGroup section */
		457AA9242A7C02F9009C2F0C /* Main.storyboard */ = {
			isa = PBXVariantGroup;
			children = (
				457AA9252A7C02F9009C2F0C /* Base */,
			);
			name = Main.storyboard;
			sourceTree = "<group>";
		};
		457AA9292A7C02FB009C2F0C /* LaunchScreen.storyboard */ = {
			isa = PBXVariantGroup;
			children = (
				457AA92A2A7C02FB009C2F0C /* Base */,
			);
			name = LaunchScreen.storyboard;
			sourceTree = "<group>";
		};
/* End PBXVariantGroup section */

/* Begin XCBuildConfiguration section */
		457AA9432A7C02FB009C2F0C /* Debug */ = {
			isa = XCBuildConfiguration;
			buildSettings = {
				ALWAYS_SEARCH_USER_PATHS = NO;
				CLANG_ANALYZER_NONNULL = YES;
				CLANG_ANALYZER_NUMBER_OBJECT_CONVERSION = YES_AGGRESSIVE;
				CLANG_CXX_LANGUAGE_STANDARD = "gnu++20";
				CLANG_ENABLE_MODULES = YES;
				CLANG_ENABLE_OBJC_ARC = YES;
				CLANG_ENABLE_OBJC_WEAK = YES;
				CLANG_WARN_BLOCK_CAPTURE_AUTORELEASING = YES;
				CLANG_WARN_BOOL_CONVERSION = YES;
				CLANG_WARN_COMMA = YES;
				CLANG_WARN_CONSTANT_CONVERSION = YES;
				CLANG_WARN_DEPRECATED_OBJC_IMPLEMENTATIONS = YES;
				CLANG_WARN_DIRECT_OBJC_ISA_USAGE = YES_ERROR;
				CLANG_WARN_DOCUMENTATION_COMMENTS = YES;
				CLANG_WARN_EMPTY_BODY = YES;
				CLANG_WARN_ENUM_CONVERSION = YES;
				CLANG_WARN_INFINITE_RECURSION = YES;
				CLANG_WARN_INT_CONVERSION = YES;
				CLANG_WARN_NON_LITERAL_NULL_CONVERSION = YES;
				CLANG_WARN_OBJC_IMPLICIT_RETAIN_SELF = YES;
				CLANG_WARN_OBJC_LITERAL_CONVERSION = YES;
				CLANG_WARN_OBJC_ROOT_CLASS = YES_ERROR;
				CLANG_WARN_QUOTED_INCLUDE_IN_FRAMEWORK_HEADER = YES;
				CLANG_WARN_RANGE_LOOP_ANALYSIS = YES;
				CLANG_WARN_STRICT_PROTOTYPES = YES;
				CLANG_WARN_SUSPICIOUS_MOVE = YES;
				CLANG_WARN_UNGUARDED_AVAILABILITY = YES_AGGRESSIVE;
				CLANG_WARN_UNREACHABLE_CODE = YES;
				CLANG_WARN__DUPLICATE_METHOD_MATCH = YES;
				COPY_PHASE_STRIP = NO;
				DEBUG_INFORMATION_FORMAT = dwarf;
				ENABLE_STRICT_OBJC_MSGSEND = YES;
				ENABLE_TESTABILITY = YES;
				GCC_C_LANGUAGE_STANDARD = gnu11;
				GCC_DYNAMIC_NO_PIC = NO;
				GCC_NO_COMMON_BLOCKS = YES;
				GCC_OPTIMIZATION_LEVEL = 0;
				GCC_PREPROCESSOR_DEFINITIONS = (
					"DEBUG=1",
					"$(inherited)",
				);
				GCC_WARN_64_TO_32_BIT_CONVERSION = YES;
				GCC_WARN_ABOUT_RETURN_TYPE = YES_ERROR;
				GCC_WARN_UNDECLARED_SELECTOR = YES;
				GCC_WARN_UNINITIALIZED_AUTOS = YES_AGGRESSIVE;
				GCC_WARN_UNUSED_FUNCTION = YES;
				GCC_WARN_UNUSED_VARIABLE = YES;
				IPHONEOS_DEPLOYMENT_TARGET = 16.4;
				MTL_ENABLE_DEBUG_INFO = INCLUDE_SOURCE;
				MTL_FAST_MATH = YES;
				ONLY_ACTIVE_ARCH = YES;
				SDKROOT = iphoneos;
				SWIFT_ACTIVE_COMPILATION_CONDITIONS = DEBUG;
				SWIFT_OPTIMIZATION_LEVEL = "-Onone";
			};
			name = Debug;
		};
		457AA9442A7C02FB009C2F0C /* Release */ = {
			isa = XCBuildConfiguration;
			buildSettings = {
				ALWAYS_SEARCH_USER_PATHS = NO;
				CLANG_ANALYZER_NONNULL = YES;
				CLANG_ANALYZER_NUMBER_OBJECT_CONVERSION = YES_AGGRESSIVE;
				CLANG_CXX_LANGUAGE_STANDARD = "gnu++20";
				CLANG_ENABLE_MODULES = YES;
				CLANG_ENABLE_OBJC_ARC = YES;
				CLANG_ENABLE_OBJC_WEAK = YES;
				CLANG_WARN_BLOCK_CAPTURE_AUTORELEASING = YES;
				CLANG_WARN_BOOL_CONVERSION = YES;
				CLANG_WARN_COMMA = YES;
				CLANG_WARN_CONSTANT_CONVERSION = YES;
				CLANG_WARN_DEPRECATED_OBJC_IMPLEMENTATIONS = YES;
				CLANG_WARN_DIRECT_OBJC_ISA_USAGE = YES_ERROR;
				CLANG_WARN_DOCUMENTATION_COMMENTS = YES;
				CLANG_WARN_EMPTY_BODY = YES;
				CLANG_WARN_ENUM_CONVERSION = YES;
				CLANG_WARN_INFINITE_RECURSION = YES;
				CLANG_WARN_INT_CONVERSION = YES;
				CLANG_WARN_NON_LITERAL_NULL_CONVERSION = YES;
				CLANG_WARN_OBJC_IMPLICIT_RETAIN_SELF = YES;
				CLANG_WARN_OBJC_LITERAL_CONVERSION = YES;
				CLANG_WARN_OBJC_ROOT_CLASS = YES_ERROR;
				CLANG_WARN_QUOTED_INCLUDE_IN_FRAMEWORK_HEADER = YES;
				CLANG_WARN_RANGE_LOOP_ANALYSIS = YES;
				CLANG_WARN_STRICT_PROTOTYPES = YES;
				CLANG_WARN_SUSPICIOUS_MOVE = YES;
				CLANG_WARN_UNGUARDED_AVAILABILITY = YES_AGGRESSIVE;
				CLANG_WARN_UNREACHABLE_CODE = YES;
				CLANG_WARN__DUPLICATE_METHOD_MATCH = YES;
				COPY_PHASE_STRIP = NO;
				DEBUG_INFORMATION_FORMAT = "dwarf-with-dsym";
				ENABLE_NS_ASSERTIONS = NO;
				ENABLE_STRICT_OBJC_MSGSEND = YES;
				GCC_C_LANGUAGE_STANDARD = gnu11;
				GCC_NO_COMMON_BLOCKS = YES;
				GCC_WARN_64_TO_32_BIT_CONVERSION = YES;
				GCC_WARN_ABOUT_RETURN_TYPE = YES_ERROR;
				GCC_WARN_UNDECLARED_SELECTOR = YES;
				GCC_WARN_UNINITIALIZED_AUTOS = YES_AGGRESSIVE;
				GCC_WARN_UNUSED_FUNCTION = YES;
				GCC_WARN_UNUSED_VARIABLE = YES;
				IPHONEOS_DEPLOYMENT_TARGET = 16.4;
				MTL_ENABLE_DEBUG_INFO = NO;
				MTL_FAST_MATH = YES;
				SDKROOT = iphoneos;
				SWIFT_COMPILATION_MODE = wholemodule;
				SWIFT_OPTIMIZATION_LEVEL = "-O";
				VALIDATE_PRODUCT = YES;
			};
			name = Release;
		};
		457AA9462A7C02FB009C2F0C /* Debug */ = {
			isa = XCBuildConfiguration;
			buildSettings = {
				ASSETCATALOG_COMPILER_APPICON_NAME = AppIcon;
				ASSETCATALOG_COMPILER_GLOBAL_ACCENT_COLOR_NAME = AccentColor;
				CODE_SIGN_STYLE = Automatic;
				CURRENT_PROJECT_VERSION = 1;
				DEVELOPMENT_TEAM = BRBBK3ZL4Y;
				GENERATE_INFOPLIST_FILE = YES;
				INFOPLIST_FILE = "Netflix Clone/Info.plist";
				INFOPLIST_KEY_UIApplicationSupportsIndirectInputEvents = YES;
				INFOPLIST_KEY_UILaunchStoryboardName = LaunchScreen;
				INFOPLIST_KEY_UIMainStoryboardFile = Main;
				INFOPLIST_KEY_UISupportedInterfaceOrientations_iPad = "UIInterfaceOrientationPortrait UIInterfaceOrientationPortraitUpsideDown UIInterfaceOrientationLandscapeLeft UIInterfaceOrientationLandscapeRight";
				INFOPLIST_KEY_UISupportedInterfaceOrientations_iPhone = "UIInterfaceOrientationPortrait UIInterfaceOrientationLandscapeLeft UIInterfaceOrientationLandscapeRight";
				LD_RUNPATH_SEARCH_PATHS = (
					"$(inherited)",
					"@executable_path/Frameworks",
				);
				MARKETING_VERSION = 1.0;
				PRODUCT_BUNDLE_IDENTIFIER = "geo.spatial.Netflix-Clone";
				PRODUCT_NAME = "$(TARGET_NAME)";
				SWIFT_EMIT_LOC_STRINGS = YES;
				SWIFT_VERSION = 5.0;
				TARGETED_DEVICE_FAMILY = "1,2";
			};
			name = Debug;
		};
		457AA9472A7C02FB009C2F0C /* Release */ = {
			isa = XCBuildConfiguration;
			buildSettings = {
				ASSETCATALOG_COMPILER_APPICON_NAME = AppIcon;
				ASSETCATALOG_COMPILER_GLOBAL_ACCENT_COLOR_NAME = AccentColor;
				CODE_SIGN_STYLE = Automatic;
				CURRENT_PROJECT_VERSION = 1;
				DEVELOPMENT_TEAM = BRBBK3ZL4Y;
				GENERATE_INFOPLIST_FILE = YES;
				INFOPLIST_FILE = "Netflix Clone/Info.plist";
				INFOPLIST_KEY_UIApplicationSupportsIndirectInputEvents = YES;
				INFOPLIST_KEY_UILaunchStoryboardName = LaunchScreen;
				INFOPLIST_KEY_UIMainStoryboardFile = Main;
				INFOPLIST_KEY_UISupportedInterfaceOrientations_iPad = "UIInterfaceOrientationPortrait UIInterfaceOrientationPortraitUpsideDown UIInterfaceOrientationLandscapeLeft UIInterfaceOrientationLandscapeRight";
				INFOPLIST_KEY_UISupportedInterfaceOrientations_iPhone = "UIInterfaceOrientationPortrait UIInterfaceOrientationLandscapeLeft UIInterfaceOrientationLandscapeRight";
				LD_RUNPATH_SEARCH_PATHS = (
					"$(inherited)",
					"@executable_path/Frameworks",
				);
				MARKETING_VERSION = 1.0;
				PRODUCT_BUNDLE_IDENTIFIER = "geo.spatial.Netflix-Clone";
				PRODUCT_NAME = "$(TARGET_NAME)";
				SWIFT_EMIT_LOC_STRINGS = YES;
				SWIFT_VERSION = 5.0;
				TARGETED_DEVICE_FAMILY = "1,2";
			};
			name = Release;
		};
		457AA9492A7C02FB009C2F0C /* Debug */ = {
			isa = XCBuildConfiguration;
			buildSettings = {
				ALWAYS_EMBED_SWIFT_STANDARD_LIBRARIES = YES;
				BUNDLE_LOADER = "$(TEST_HOST)";
				CODE_SIGN_STYLE = Automatic;
				CURRENT_PROJECT_VERSION = 1;
				DEVELOPMENT_TEAM = BRBBK3ZL4Y;
				GENERATE_INFOPLIST_FILE = YES;
				IPHONEOS_DEPLOYMENT_TARGET = 16.4;
				MARKETING_VERSION = 1.0;
				PRODUCT_BUNDLE_IDENTIFIER = "geo.spatial.Netflix-CloneTests";
				PRODUCT_NAME = "$(TARGET_NAME)";
				SWIFT_EMIT_LOC_STRINGS = NO;
				SWIFT_VERSION = 5.0;
				TARGETED_DEVICE_FAMILY = "1,2";
				TEST_HOST = "$(BUILT_PRODUCTS_DIR)/Netflix Clone.app/$(BUNDLE_EXECUTABLE_FOLDER_PATH)/Netflix Clone";
			};
			name = Debug;
		};
		457AA94A2A7C02FB009C2F0C /* Release */ = {
			isa = XCBuildConfiguration;
			buildSettings = {
				ALWAYS_EMBED_SWIFT_STANDARD_LIBRARIES = YES;
				BUNDLE_LOADER = "$(TEST_HOST)";
				CODE_SIGN_STYLE = Automatic;
				CURRENT_PROJECT_VERSION = 1;
				DEVELOPMENT_TEAM = BRBBK3ZL4Y;
				GENERATE_INFOPLIST_FILE = YES;
				IPHONEOS_DEPLOYMENT_TARGET = 16.4;
				MARKETING_VERSION = 1.0;
				PRODUCT_BUNDLE_IDENTIFIER = "geo.spatial.Netflix-CloneTests";
				PRODUCT_NAME = "$(TARGET_NAME)";
				SWIFT_EMIT_LOC_STRINGS = NO;
				SWIFT_VERSION = 5.0;
				TARGETED_DEVICE_FAMILY = "1,2";
				TEST_HOST = "$(BUILT_PRODUCTS_DIR)/Netflix Clone.app/$(BUNDLE_EXECUTABLE_FOLDER_PATH)/Netflix Clone";
			};
			name = Release;
		};
		457AA94C2A7C02FB009C2F0C /* Debug */ = {
			isa = XCBuildConfiguration;
			buildSettings = {
				ALWAYS_EMBED_SWIFT_STANDARD_LIBRARIES = YES;
				CODE_SIGN_STYLE = Automatic;
				CURRENT_PROJECT_VERSION = 1;
				DEVELOPMENT_TEAM = BRBBK3ZL4Y;
				GENERATE_INFOPLIST_FILE = YES;
				MARKETING_VERSION = 1.0;
				PRODUCT_BUNDLE_IDENTIFIER = "geo.spatial.Netflix-CloneUITests";
				PRODUCT_NAME = "$(TARGET_NAME)";
				SWIFT_EMIT_LOC_STRINGS = NO;
				SWIFT_VERSION = 5.0;
				TARGETED_DEVICE_FAMILY = "1,2";
				TEST_TARGET_NAME = "Netflix Clone";
			};
			name = Debug;
		};
		457AA94D2A7C02FB009C2F0C /* Release */ = {
			isa = XCBuildConfiguration;
			buildSettings = {
				ALWAYS_EMBED_SWIFT_STANDARD_LIBRARIES = YES;
				CODE_SIGN_STYLE = Automatic;
				CURRENT_PROJECT_VERSION = 1;
				DEVELOPMENT_TEAM = BRBBK3ZL4Y;
				GENERATE_INFOPLIST_FILE = YES;
				MARKETING_VERSION = 1.0;
				PRODUCT_BUNDLE_IDENTIFIER = "geo.spatial.Netflix-CloneUITests";
				PRODUCT_NAME = "$(TARGET_NAME)";
				SWIFT_EMIT_LOC_STRINGS = NO;
				SWIFT_VERSION = 5.0;
				TARGETED_DEVICE_FAMILY = "1,2";
				TEST_TARGET_NAME = "Netflix Clone";
			};
			name = Release;
		};
/* End XCBuildConfiguration section */

/* Begin XCConfigurationList section */
		457AA9162A7C02F8009C2F0C /* Build configuration list for PBXProject "Netflix Clone" */ = {
			isa = XCConfigurationList;
			buildConfigurations = (
				457AA9432A7C02FB009C2F0C /* Debug */,
				457AA9442A7C02FB009C2F0C /* Release */,
			);
			defaultConfigurationIsVisible = 0;
			defaultConfigurationName = Release;
		};
		457AA9452A7C02FB009C2F0C /* Build configuration list for PBXNativeTarget "Netflix Clone" */ = {
			isa = XCConfigurationList;
			buildConfigurations = (
				457AA9462A7C02FB009C2F0C /* Debug */,
				457AA9472A7C02FB009C2F0C /* Release */,
			);
			defaultConfigurationIsVisible = 0;
			defaultConfigurationName = Release;
		};
		457AA9482A7C02FB009C2F0C /* Build configuration list for PBXNativeTarget "Netflix CloneTests" */ = {
			isa = XCConfigurationList;
			buildConfigurations = (
				457AA9492A7C02FB009C2F0C /* Debug */,
				457AA94A2A7C02FB009C2F0C /* Release */,
			);
			defaultConfigurationIsVisible = 0;
			defaultConfigurationName = Release;
		};
		457AA94B2A7C02FB009C2F0C /* Build configuration list for PBXNativeTarget "Netflix CloneUITests" */ = {
			isa = XCConfigurationList;
			buildConfigurations = (
				457AA94C2A7C02FB009C2F0C /* Debug */,
				457AA94D2A7C02FB009C2F0C /* Release */,
			);
			defaultConfigurationIsVisible = 0;
			defaultConfigurationName = Release;
		};
/* End XCConfigurationList section */
	};
	rootObject = 457AA9132A7C02F8009C2F0C /* Project object */;
}
